
Microsoft Visual Studio Solution File, Format Version 12.00
# Visual Studio Version 16
VisualStudioVersion = 16.0.33130.400
MinimumVisualStudioVersion = 10.0.40219.1
Project("{FAE04EC0-301F-11D3-BF4B-00C04F79EFBC}") = "WorkWithPropertis", "WorkWithPropertis.csproj", "{74538D63-A96A-4A3E-84EE-CF0F19571385}"
EndProject
Global
	GlobalSection(SolutionConfigurationPlatforms) = preSolution
		Debug|Any CPU = Debug|Any CPU
		Release|Any CPU = Release|Any CPU
	EndGlobalSection
	GlobalSection(ProjectConfigurationPlatforms) = postSolution
		{74538D63-A96A-4A3E-84EE-CF0F19571385}.Debug|Any CPU.ActiveCfg = Debug|Any CPU
		{74538D63-A96A-4A3E-84EE-CF0F19571385}.Debug|Any CPU.Build.0 = Debug|Any CPU
		{74538D63-A96A-4A3E-84EE-CF0F19571385}.Release|Any CPU.ActiveCfg = Release|Any CPU
		{74538D63-A96A-4A3E-84EE-CF0F19571385}.Release|Any CPU.Build.0 = Release|Any CPU
	EndGlobalSection
	GlobalSection(SolutionProperties) = preSolution
		HideSolutionNode = FALSE
	EndGlobalSection
	GlobalSection(ExtensibilityGlobals) = postSolution
		SolutionGuid = {A168014C-3234-4860-9EA4-600D250A5BA0}
	EndGlobalSection
EndGlobal
